
Microsoft Visual Studio Solution File, Format Version 12.00
# Visual Studio Version 16
VisualStudioVersion = 16.0.31727.386
MinimumVisualStudioVersion = 10.0.40219.1
Project("{FAE04EC0-301F-11D3-BF4B-00C04F79EFBC}") = "MyFirstApp", "MyFirstApp\MyFirstApp.csproj", "{A9F94D23-7AD1-4290-8D75-FF1A8AF35349}"
EndProject
Global
	GlobalSection(SolutionConfigurationPlatforms) = preSolution
		Debug|Any CPU = Debug|Any CPU
		Release|Any CPU = Release|Any CPU
	EndGlobalSection
	GlobalSection(ProjectConfigurationPlatforms) = postSolution
		{A9F94D23-7AD1-4290-8D75-FF1A8AF35349}.Debug|Any CPU.ActiveCfg = Debug|Any CPU
		{A9F94D23-7AD1-4290-8D75-FF1A8AF35349}.Debug|Any CPU.Build.0 = Debug|Any CPU
		{A9F94D23-7AD1-4290-8D75-FF1A8AF35349}.Release|Any CPU.ActiveCfg = Release|Any CPU
		{A9F94D23-7AD1-4290-8D75-FF1A8AF35349}.Release|Any CPU.Build.0 = Release|Any CPU
	EndGlobalSection
	GlobalSection(SolutionProperties) = preSolution
		HideSolutionNode = FALSE
	EndGlobalSection
	GlobalSection(ExtensibilityGlobals) = postSolution
		SolutionGuid = {58BF0C63-0F71-476F-9277-7F95AF3FCE43}
	EndGlobalSection
EndGlobal
